
Microsoft Visual Studio Solution File, Format Version 11.00
# Visual Studio 2010
Project("{FAE04EC0-301F-11D3-BF4B-00C04F79EFBC}") = "iSeconds.iOS.Application", "iSeconds.iOS.Application\iSeconds.iOS.Application.csproj", "{FEDF81A8-3B35-40C9-BE34-89D239D8EA75}"
EndProject
Project("{FAE04EC0-301F-11D3-BF4B-00C04F79EFBC}") = "iSeconds.iOS.Domain", "iSeconds.Domain\iSeconds.iOS.Domain.csproj", "{B616D406-C3C2-4EB2-9584-15151F85F598}"
EndProject
Project("{FAE04EC0-301F-11D3-BF4B-00C04F79EFBC}") = "MonoTouch.Dialog", "Third_Party\MonoTouch.Dialog\MonoTouch.Dialog.csproj", "{3FFBFFF8-5560-4EDE-82E5-3FFDFBBA8A50}"
EndProject
Global
	GlobalSection(SolutionConfigurationPlatforms) = preSolution
		Debug|iPhoneSimulator = Debug|iPhoneSimulator
		Release|iPhoneSimulator = Release|iPhoneSimulator
		Debug|iPhone = Debug|iPhone
		Release|iPhone = Release|iPhone
		Ad-Hoc|iPhone = Ad-Hoc|iPhone
		AppStore|iPhone = AppStore|iPhone
		AdHoc|iPhone = AdHoc|iPhone
		AdHoc|iPhoneSimulator = AdHoc|iPhoneSimulator
		AppStore|iPhoneSimulator = AppStore|iPhoneSimulator
	EndGlobalSection
	GlobalSection(ProjectConfigurationPlatforms) = postSolution
		{3FFBFFF8-5560-4EDE-82E5-3FFDFBBA8A50}.AdHoc|iPhone.ActiveCfg = AdHoc|iPhone
		{3FFBFFF8-5560-4EDE-82E5-3FFDFBBA8A50}.Ad-Hoc|iPhone.ActiveCfg = Debug|iPhone
		{3FFBFFF8-5560-4EDE-82E5-3FFDFBBA8A50}.AdHoc|iPhone.Build.0 = AdHoc|iPhone
		{3FFBFFF8-5560-4EDE-82E5-3FFDFBBA8A50}.Ad-Hoc|iPhone.Build.0 = Debug|iPhone
		{3FFBFFF8-5560-4EDE-82E5-3FFDFBBA8A50}.AdHoc|iPhoneSimulator.ActiveCfg = AdHoc|iPhoneSimulator
		{3FFBFFF8-5560-4EDE-82E5-3FFDFBBA8A50}.AdHoc|iPhoneSimulator.Build.0 = AdHoc|iPhoneSimulator
		{3FFBFFF8-5560-4EDE-82E5-3FFDFBBA8A50}.AppStore|iPhone.ActiveCfg = AppStore|iPhone
		{3FFBFFF8-5560-4EDE-82E5-3FFDFBBA8A50}.AppStore|iPhone.Build.0 = AppStore|iPhone
		{3FFBFFF8-5560-4EDE-82E5-3FFDFBBA8A50}.AppStore|iPhoneSimulator.ActiveCfg = AppStore|iPhoneSimulator
		{3FFBFFF8-5560-4EDE-82E5-3FFDFBBA8A50}.AppStore|iPhoneSimulator.Build.0 = AppStore|iPhoneSimulator
		{3FFBFFF8-5560-4EDE-82E5-3FFDFBBA8A50}.Debug|iPhone.ActiveCfg = Debug|iPhone
		{3FFBFFF8-5560-4EDE-82E5-3FFDFBBA8A50}.Debug|iPhone.Build.0 = Debug|iPhone
		{3FFBFFF8-5560-4EDE-82E5-3FFDFBBA8A50}.Debug|iPhoneSimulator.ActiveCfg = Debug|iPhoneSimulator
		{3FFBFFF8-5560-4EDE-82E5-3FFDFBBA8A50}.Debug|iPhoneSimulator.Build.0 = Debug|iPhoneSimulator
		{3FFBFFF8-5560-4EDE-82E5-3FFDFBBA8A50}.Release|iPhone.ActiveCfg = Release|iPhone
		{3FFBFFF8-5560-4EDE-82E5-3FFDFBBA8A50}.Release|iPhone.Build.0 = Release|iPhone
		{3FFBFFF8-5560-4EDE-82E5-3FFDFBBA8A50}.Release|iPhoneSimulator.ActiveCfg = Release|iPhoneSimulator
		{3FFBFFF8-5560-4EDE-82E5-3FFDFBBA8A50}.Release|iPhoneSimulator.Build.0 = Release|iPhoneSimulator
		{B616D406-C3C2-4EB2-9584-15151F85F598}.Ad-Hoc|iPhone.ActiveCfg = Debug|Any CPU
		{B616D406-C3C2-4EB2-9584-15151F85F598}.Ad-Hoc|iPhone.Build.0 = Debug|Any CPU
		{B616D406-C3C2-4EB2-9584-15151F85F598}.AppStore|iPhone.ActiveCfg = Debug|Any CPU
		{B616D406-C3C2-4EB2-9584-15151F85F598}.AppStore|iPhone.Build.0 = Debug|Any CPU
		{B616D406-C3C2-4EB2-9584-15151F85F598}.Debug|iPhone.ActiveCfg = Debug|Any CPU
		{B616D406-C3C2-4EB2-9584-15151F85F598}.Debug|iPhone.Build.0 = Debug|Any CPU
		{B616D406-C3C2-4EB2-9584-15151F85F598}.Debug|iPhoneSimulator.ActiveCfg = Debug|Any CPU
		{B616D406-C3C2-4EB2-9584-15151F85F598}.Debug|iPhoneSimulator.Build.0 = Debug|Any CPU
		{B616D406-C3C2-4EB2-9584-15151F85F598}.Release|iPhone.ActiveCfg = Release|Any CPU
		{B616D406-C3C2-4EB2-9584-15151F85F598}.Release|iPhone.Build.0 = Release|Any CPU
		{B616D406-C3C2-4EB2-9584-15151F85F598}.Release|iPhoneSimulator.ActiveCfg = Release|Any CPU
		{B616D406-C3C2-4EB2-9584-15151F85F598}.Release|iPhoneSimulator.Build.0 = Release|Any CPU
		{FEDF81A8-3B35-40C9-BE34-89D239D8EA75}.Ad-Hoc|iPhone.ActiveCfg = Ad-Hoc|iPhone
		{FEDF81A8-3B35-40C9-BE34-89D239D8EA75}.Ad-Hoc|iPhone.Build.0 = Ad-Hoc|iPhone
		{FEDF81A8-3B35-40C9-BE34-89D239D8EA75}.AppStore|iPhone.ActiveCfg = AppStore|iPhone
		{FEDF81A8-3B35-40C9-BE34-89D239D8EA75}.AppStore|iPhone.Build.0 = AppStore|iPhone
		{FEDF81A8-3B35-40C9-BE34-89D239D8EA75}.Debug|iPhone.ActiveCfg = Debug|iPhone
		{FEDF81A8-3B35-40C9-BE34-89D239D8EA75}.Debug|iPhone.Build.0 = Debug|iPhone
		{FEDF81A8-3B35-40C9-BE34-89D239D8EA75}.Debug|iPhoneSimulator.ActiveCfg = Debug|iPhoneSimulator
		{FEDF81A8-3B35-40C9-BE34-89D239D8EA75}.Debug|iPhoneSimulator.Build.0 = Debug|iPhoneSimulator
		{FEDF81A8-3B35-40C9-BE34-89D239D8EA75}.Release|iPhone.ActiveCfg = Release|iPhone
		{FEDF81A8-3B35-40C9-BE34-89D239D8EA75}.Release|iPhone.Build.0 = Release|iPhone
		{FEDF81A8-3B35-40C9-BE34-89D239D8EA75}.Release|iPhoneSimulator.ActiveCfg = Release|iPhoneSimulator
		{FEDF81A8-3B35-40C9-BE34-89D239D8EA75}.Release|iPhoneSimulator.Build.0 = Release|iPhoneSimulator
	EndGlobalSection
	GlobalSection(MonoDevelopProperties) = preSolution
		StartupItem = iSeconds.iOS.Application\iSeconds.iOS.Application.csproj
	EndGlobalSection
EndGlobal
